# This file is automatically @generated by Poetry 1.5.1 and should not be changed by hand.

[[package]]
name = "aerich"
version = "0.7.1"
description = "A database migrations tool for Tortoise ORM."
optional = false
python-versions = ">=3.7,<4.0"
files = [
    {file = "aerich-0.7.1-py3-none-any.whl", hash = "sha256:ca1c46e777c448c8344961bb591ee8cc7bfcb2fc7527bea4da43647b5fbf8fbe"},
    {file = "aerich-0.7.1.tar.gz", hash = "sha256:501f6598ae51e3ce19b1bfc21ff365f582e7447e6aa5215629451c40341d6eb8"},
]

[package.dependencies]
click = "*"
dictdiffer = "*"
pydantic = "*"
tomlkit = "*"
tortoise-orm = "*"

[package.extras]
asyncmy = ["asyncmy"]
asyncpg = ["asyncpg"]

[[package]]
name = "aiosqlite"
version = "0.17.0"
description = "asyncio bridge to the standard sqlite3 module"
optional = false
python-versions = ">=3.6"
files = [
    {file = "aiosqlite-0.17.0-py3-none-any.whl", hash = "sha256:6c49dc6d3405929b1d08eeccc72306d3677503cc5e5e43771efc1e00232e8231"},
    {file = "aiosqlite-0.17.0.tar.gz", hash = "sha256:f0e6acc24bc4864149267ac82fb46dfb3be4455f99fe21df82609cc6e6baee51"},
]

[package.dependencies]
typing_extensions = ">=3.7.2"

[[package]]
name = "anyio"
version = "3.7.1"
description = "High level compatibility layer for multiple asynchronous event loop implementations"
optional = false
python-versions = ">=3.7"
files = [
    {file = "anyio-3.7.1-py3-none-any.whl", hash = "sha256:91dee416e570e92c64041bd18b900d1d6fa78dff7048769ce5ac5ddad004fbb5"},
    {file = "anyio-3.7.1.tar.gz", hash = "sha256:44a3c9aba0f5defa43261a8b3efb97891f2bd7d804e0e1f56419befa1adfc780"},
]

[package.dependencies]
exceptiongroup = {version = "*", markers = "python_version < \"3.11\""}
idna = ">=2.8"
sniffio = ">=1.1"

[package.extras]
doc = ["Sphinx", "packaging", "sphinx-autodoc-typehints (>=1.2.0)", "sphinx-rtd-theme (>=1.2.2)", "sphinxcontrib-jquery"]
test = ["anyio[trio]", "coverage[toml] (>=4.5)", "hypothesis (>=4.0)", "mock (>=4)", "psutil (>=5.9)", "pytest (>=7.0)", "pytest-mock (>=3.6.1)", "trustme", "uvloop (>=0.17)"]
trio = ["trio (<0.22)"]

[[package]]
name = "asyncpg"
version = "0.28.0"
description = "An asyncio PostgreSQL driver"
optional = false
python-versions = ">=3.7.0"
files = [
    {file = "asyncpg-0.28.0-cp310-cp310-macosx_10_9_x86_64.whl", hash = "sha256:0a6d1b954d2b296292ddff4e0060f494bb4270d87fb3655dd23c5c6096d16d83"},
    {file = "asyncpg-0.28.0-cp310-cp310-macosx_11_0_arm64.whl", hash = "sha256:0740f836985fd2bd73dca42c50c6074d1d61376e134d7ad3ad7566c4f79f8184"},
    {file = "asyncpg-0.28.0-cp310-cp310-manylinux_2_17_aarch64.manylinux2014_aarch64.whl", hash = "sha256:e907cf620a819fab1737f2dd90c0f185e2a796f139ac7de6aa3212a8af96c050"},
    {file = "asyncpg-0.28.0-cp310-cp310-manylinux_2_17_x86_64.manylinux2014_x86_64.whl", hash = "sha256:86b339984d55e8202e0c4b252e9573e26e5afa05617ed02252544f7b3e6de3e9"},
    {file = "asyncpg-0.28.0-cp310-cp310-musllinux_1_1_aarch64.whl", hash = "sha256:0c402745185414e4c204a02daca3d22d732b37359db4d2e705172324e2d94e85"},
    {file = "asyncpg-0.28.0-cp310-cp310-musllinux_1_1_x86_64.whl", hash = "sha256:c88eef5e096296626e9688f00ab627231f709d0e7e3fb84bb4413dff81d996d7"},
    {file = "asyncpg-0.28.0-cp310-cp310-win32.whl", hash = "sha256:90a7bae882a9e65a9e448fdad3e090c2609bb4637d2a9c90bfdcebbfc334bf89"},
    {file = "asyncpg-0.28.0-cp310-cp310-win_amd64.whl", hash = "sha256:76aacdcd5e2e9999e83c8fbcb748208b60925cc714a578925adcb446d709016c"},
    {file = "asyncpg-0.28.0-cp311-cp311-macosx_10_9_x86_64.whl", hash = "sha256:a0e08fe2c9b3618459caaef35979d45f4e4f8d4f79490c9fa3367251366af207"},
    {file = "asyncpg-0.28.0-cp311-cp311-macosx_11_0_arm64.whl", hash = "sha256:b24e521f6060ff5d35f761a623b0042c84b9c9b9fb82786aadca95a9cb4a893b"},
    {file = "asyncpg-0.28.0-cp311-cp311-manylinux_2_17_aarch64.manylinux2014_aarch64.whl", hash = "sha256:99417210461a41891c4ff301490a8713d1ca99b694fef05dabd7139f9d64bd6c"},
    {file = "asyncpg-0.28.0-cp311-cp311-manylinux_2_17_x86_64.manylinux2014_x86_64.whl", hash = "sha256:f029c5adf08c47b10bcdc857001bbef551ae51c57b3110964844a9d79ca0f267"},
    {file = "asyncpg-0.28.0-cp311-cp311-musllinux_1_1_aarch64.whl", hash = "sha256:ad1d6abf6c2f5152f46fff06b0e74f25800ce8ec6c80967f0bc789974de3c652"},
    {file = "asyncpg-0.28.0-cp311-cp311-musllinux_1_1_x86_64.whl", hash = "sha256:d7fa81ada2807bc50fea1dc741b26a4e99258825ba55913b0ddbf199a10d69d8"},
    {file = "asyncpg-0.28.0-cp311-cp311-win32.whl", hash = "sha256:f33c5685e97821533df3ada9384e7784bd1e7865d2b22f153f2e4bd4a083e102"},
    {file = "asyncpg-0.28.0-cp311-cp311-win_amd64.whl", hash = "sha256:5e7337c98fb493079d686a4a6965e8bcb059b8e1b8ec42106322fc6c1c889bb0"},
    {file = "asyncpg-0.28.0-cp37-cp37m-macosx_10_9_x86_64.whl", hash = "sha256:1c56092465e718a9fdcc726cc3d9dcf3a692e4834031c9a9f871d92a75d20d48"},
    {file = "asyncpg-0.28.0-cp37-cp37m-manylinux_2_17_aarch64.manylinux2014_aarch64.whl", hash = "sha256:4acd6830a7da0eb4426249d71353e8895b350daae2380cb26d11e0d4a01c5472"},
    {file = "asyncpg-0.28.0-cp37-cp37m-manylinux_2_17_x86_64.manylinux2014_x86_64.whl", hash = "sha256:63861bb4a540fa033a56db3bb58b0c128c56fad5d24e6d0a8c37cb29b17c1c7d"},
    {file = "asyncpg-0.28.0-cp37-cp37m-musllinux_1_1_aarch64.whl", hash = "sha256:a93a94ae777c70772073d0512f21c74ac82a8a49be3a1d982e3f259ab5f27307"},
    {file = "asyncpg-0.28.0-cp37-cp37m-musllinux_1_1_x86_64.whl", hash = "sha256:d14681110e51a9bc9c065c4e7944e8139076a778e56d6f6a306a26e740ed86d2"},
    {file = "asyncpg-0.28.0-cp37-cp37m-win32.whl", hash = "sha256:8aec08e7310f9ab322925ae5c768532e1d78cfb6440f63c078b8392a38aa636a"},
    {file = "asyncpg-0.28.0-cp37-cp37m-win_amd64.whl", hash = "sha256:319f5fa1ab0432bc91fb39b3960b0d591e6b5c7844dafc92c79e3f1bff96abef"},
    {file = "asyncpg-0.28.0-cp38-cp38-macosx_10_9_x86_64.whl", hash = "sha256:b337ededaabc91c26bf577bfcd19b5508d879c0ad009722be5bb0a9dd30b85a0"},
    {file = "asyncpg-0.28.0-cp38-cp38-macosx_11_0_arm64.whl", hash = "sha256:4d32b680a9b16d2957a0a3cc6b7fa39068baba8e6b728f2e0a148a67644578f4"},
    {file = "asyncpg-0.28.0-cp38-cp38-manylinux_2_17_aarch64.manylinux2014_aarch64.whl", hash = "sha256:f4f62f04cdf38441a70f279505ef3b4eadf64479b17e707c950515846a2df197"},
    {file = "asyncpg-0.28.0-cp38-cp38-manylinux_2_17_x86_64.manylinux2014_x86_64.whl", hash = "sha256:4f20cac332c2576c79c2e8e6464791c1f1628416d1115935a34ddd7121bfc6a4"},
    {file = "asyncpg-0.28.0-cp38-cp38-musllinux_1_1_aarch64.whl", hash = "sha256:59f9712ce01e146ff71d95d561fb68bd2d588a35a187116ef05028675462d5ed"},
    {file = "asyncpg-0.28.0-cp38-cp38-musllinux_1_1_x86_64.whl", hash = "sha256:fc9e9f9ff1aa0eddcc3247a180ac9e9b51a62311e988809ac6152e8fb8097756"},
    {file = "asyncpg-0.28.0-cp38-cp38-win32.whl", hash = "sha256:9e721dccd3838fcff66da98709ed884df1e30a95f6ba19f595a3706b4bc757e3"},
    {file = "asyncpg-0.28.0-cp38-cp38-win_amd64.whl", hash = "sha256:8ba7d06a0bea539e0487234511d4adf81dc8762249858ed2a580534e1720db00"},
    {file = "asyncpg-0.28.0-cp39-cp39-macosx_10_9_x86_64.whl", hash = "sha256:d009b08602b8b18edef3a731f2ce6d3f57d8dac2a0a4140367e194eabd3de457"},
    {file = "asyncpg-0.28.0-cp39-cp39-macosx_11_0_arm64.whl", hash = "sha256:ec46a58d81446d580fb21b376ec6baecab7288ce5a578943e2fc7ab73bf7eb39"},
    {file = "asyncpg-0.28.0-cp39-cp39-manylinux_2_17_aarch64.manylinux2014_aarch64.whl", hash = "sha256:7b48ceed606cce9e64fd5480a9b0b9a95cea2b798bb95129687abd8599c8b019"},
    {file = "asyncpg-0.28.0-cp39-cp39-manylinux_2_17_x86_64.manylinux2014_x86_64.whl", hash = "sha256:8858f713810f4fe67876728680f42e93b7e7d5c7b61cf2118ef9153ec16b9423"},
    {file = "asyncpg-0.28.0-cp39-cp39-musllinux_1_1_aarch64.whl", hash = "sha256:5e18438a0730d1c0c1715016eacda6e9a505fc5aa931b37c97d928d44941b4bf"},
    {file = "asyncpg-0.28.0-cp39-cp39-musllinux_1_1_x86_64.whl", hash = "sha256:e9c433f6fcdd61c21a715ee9128a3ca48be8ac16fa07be69262f016bb0f4dbd2"},
    {file = "asyncpg-0.28.0-cp39-cp39-win32.whl", hash = "sha256:41e97248d9076bc8e4849da9e33e051be7ba37cd507cbd51dfe4b2d99c70e3dc"},
    {file = "asyncpg-0.28.0-cp39-cp39-win_amd64.whl", hash = "sha256:3ed77f00c6aacfe9d79e9eff9e21729ce92a4b38e80ea99a58ed382f42ebd55b"},
    {file = "asyncpg-0.28.0.tar.gz", hash = "sha256:7252cdc3acb2f52feaa3664280d3bcd78a46bd6c10bfd681acfffefa1120e278"},
]

[package.extras]
docs = ["Sphinx (>=5.3.0,<5.4.0)", "sphinx-rtd-theme (>=1.2.2)", "sphinxcontrib-asyncio (>=0.3.0,<0.4.0)"]
test = ["flake8 (>=5.0,<6.0)", "uvloop (>=0.15.3)"]

[[package]]
name = "click"
version = "8.1.5"
description = "Composable command line interface toolkit"
optional = false
python-versions = ">=3.7"
files = [
    {file = "click-8.1.5-py3-none-any.whl", hash = "sha256:e576aa487d679441d7d30abb87e1b43d24fc53bffb8758443b1a9e1cee504548"},
    {file = "click-8.1.5.tar.gz", hash = "sha256:4be4b1af8d665c6d942909916d31a213a106800c47d0eeba73d34da3cbc11367"},
]

[package.dependencies]
colorama = {version = "*", markers = "platform_system == \"Windows\""}

[[package]]
name = "colorama"
version = "0.4.6"
description = "Cross-platform colored terminal text."
optional = false
python-versions = "!=3.0.*,!=3.1.*,!=3.2.*,!=3.3.*,!=3.4.*,!=3.5.*,!=3.6.*,>=2.7"
files = [
    {file = "colorama-0.4.6-py2.py3-none-any.whl", hash = "sha256:4f1d9991f5acc0ca119f9d443620b77f9d6b33703e51011c16baf57afb285fc6"},
    {file = "colorama-0.4.6.tar.gz", hash = "sha256:08695f5cb7ed6e0531a20572697297273c47b8cae5a63ffc6d6ed5c201be6e44"},
]

[[package]]
name = "dictdiffer"
version = "0.9.0"
description = "Dictdiffer is a library that helps you to diff and patch dictionaries."
optional = false
python-versions = "*"
files = [
    {file = "dictdiffer-0.9.0-py2.py3-none-any.whl", hash = "sha256:442bfc693cfcadaf46674575d2eba1c53b42f5e404218ca2c2ff549f2df56595"},
    {file = "dictdiffer-0.9.0.tar.gz", hash = "sha256:17bacf5fbfe613ccf1b6d512bd766e6b21fb798822a133aa86098b8ac9997578"},
]

[package.extras]
all = ["Sphinx (>=3)", "check-manifest (>=0.42)", "mock (>=1.3.0)", "numpy (>=1.13.0)", "numpy (>=1.15.0)", "numpy (>=1.18.0)", "numpy (>=1.20.0)", "pytest (==5.4.3)", "pytest (>=6)", "pytest-cov (>=2.10.1)", "pytest-isort (>=1.2.0)", "pytest-pycodestyle (>=2)", "pytest-pycodestyle (>=2.2.0)", "pytest-pydocstyle (>=2)", "pytest-pydocstyle (>=2.2.0)", "sphinx (>=3)", "sphinx-rtd-theme (>=0.2)", "tox (>=3.7.0)"]
docs = ["Sphinx (>=3)", "sphinx-rtd-theme (>=0.2)"]
numpy = ["numpy (>=1.13.0)", "numpy (>=1.15.0)", "numpy (>=1.18.0)", "numpy (>=1.20.0)"]
tests = ["check-manifest (>=0.42)", "mock (>=1.3.0)", "pytest (==5.4.3)", "pytest (>=6)", "pytest-cov (>=2.10.1)", "pytest-isort (>=1.2.0)", "pytest-pycodestyle (>=2)", "pytest-pycodestyle (>=2.2.0)", "pytest-pydocstyle (>=2)", "pytest-pydocstyle (>=2.2.0)", "sphinx (>=3)", "tox (>=3.7.0)"]

[[package]]
name = "exceptiongroup"
version = "1.1.2"
description = "Backport of PEP 654 (exception groups)"
optional = false
python-versions = ">=3.7"
files = [
    {file = "exceptiongroup-1.1.2-py3-none-any.whl", hash = "sha256:e346e69d186172ca7cf029c8c1d16235aa0e04035e5750b4b95039e65204328f"},
    {file = "exceptiongroup-1.1.2.tar.gz", hash = "sha256:12c3e887d6485d16943a309616de20ae5582633e0a2eda17f4e10fd61c1e8af5"},
]

[package.extras]
test = ["pytest (>=6)"]

[[package]]
name = "fastapi"
version = "0.98.0"
description = "FastAPI framework, high performance, easy to learn, fast to code, ready for production"
optional = false
python-versions = ">=3.7"
files = [
    {file = "fastapi-0.98.0-py3-none-any.whl", hash = "sha256:f4165fb1fe3610c52cb1b8282c1480de9c34bc270f56a965aa93a884c350d605"},
    {file = "fastapi-0.98.0.tar.gz", hash = "sha256:0d3c18886f652038262b5898fec6b09f4ca92ee23e9d9b1d1d24e429f84bf27b"},
]

[package.dependencies]
pydantic = ">=1.7.4,<1.8 || >1.8,<1.8.1 || >1.8.1,<2.0.0"
starlette = ">=0.27.0,<0.28.0"

[package.extras]
all = ["email-validator (>=1.1.1)", "httpx (>=0.23.0)", "itsdangerous (>=1.1.0)", "jinja2 (>=2.11.2)", "orjson (>=3.2.1)", "python-multipart (>=0.0.5)", "pyyaml (>=5.3.1)", "ujson (>=4.0.1,!=4.0.2,!=4.1.0,!=4.2.0,!=4.3.0,!=5.0.0,!=5.1.0)", "uvicorn[standard] (>=0.12.0)"]

[[package]]
name = "h11"
version = "0.14.0"
description = "A pure-Python, bring-your-own-I/O implementation of HTTP/1.1"
optional = false
python-versions = ">=3.7"
files = [
    {file = "h11-0.14.0-py3-none-any.whl", hash = "sha256:e3fe4ac4b851c468cc8363d500db52c2ead036020723024a109d37346efaa761"},
    {file = "h11-0.14.0.tar.gz", hash = "sha256:8f19fbbe99e72420ff35c00b27a34cb9937e902a8b810e2c88300c6f0a3b699d"},
]

[[package]]
name = "idna"
version = "3.4"
description = "Internationalized Domain Names in Applications (IDNA)"
optional = false
python-versions = ">=3.5"
files = [
    {file = "idna-3.4-py3-none-any.whl", hash = "sha256:90b77e79eaa3eba6de819a0c442c0b4ceefc341a7a2ab77d7562bf49f425c5c2"},
    {file = "idna-3.4.tar.gz", hash = "sha256:814f528e8dead7d329833b91c5faa87d60bf71824cd12a7530b5526063d02cb4"},
]

[[package]]
name = "iso8601"
version = "1.1.0"
description = "Simple module to parse ISO 8601 dates"
optional = false
python-versions = ">=3.6.2,<4.0"
files = [
    {file = "iso8601-1.1.0-py3-none-any.whl", hash = "sha256:8400e90141bf792bce2634df533dc57e3bee19ea120a87bebcd3da89a58ad73f"},
    {file = "iso8601-1.1.0.tar.gz", hash = "sha256:32811e7b81deee2063ea6d2e94f8819a86d1f3811e49d23623a41fa832bef03f"},
]

[[package]]
name = "orjson"
version = "3.9.2"
description = "Fast, correct Python JSON library supporting dataclasses, datetimes, and numpy"
optional = false
python-versions = ">=3.7"
files = [
    {file = "orjson-3.9.2-cp310-cp310-macosx_10_15_x86_64.macosx_11_0_arm64.macosx_10_15_universal2.whl", hash = "sha256:7323e4ca8322b1ecb87562f1ec2491831c086d9faa9a6c6503f489dadbed37d7"},
    {file = "orjson-3.9.2-cp310-cp310-manylinux_2_17_aarch64.manylinux2014_aarch64.whl", hash = "sha256:1272688ea1865f711b01ba479dea2d53e037ea00892fd04196b5875f7021d9d3"},
    {file = "orjson-3.9.2-cp310-cp310-manylinux_2_17_armv7l.manylinux2014_armv7l.whl", hash = "sha256:0b9a26f1d1427a9101a1e8910f2e2df1f44d3d18ad5480ba031b15d5c1cb282e"},
    {file = "orjson-3.9.2-cp310-cp310-manylinux_2_17_ppc64le.manylinux2014_ppc64le.whl", hash = "sha256:6a5ca55b0d8f25f18b471e34abaee4b175924b6cd62f59992945b25963443141"},
    {file = "orjson-3.9.2-cp310-cp310-manylinux_2_17_s390x.manylinux2014_s390x.whl", hash = "sha256:877872db2c0f41fbe21f852ff642ca842a43bc34895b70f71c9d575df31fffb4"},
    {file = "orjson-3.9.2-cp310-cp310-manylinux_2_17_x86_64.manylinux2014_x86_64.whl", hash = "sha256:4a39c2529d75373b7167bf84c814ef9b8f3737a339c225ed6c0df40736df8748"},
    {file = "orjson-3.9.2-cp310-cp310-musllinux_1_1_aarch64.whl", hash = "sha256:84ebd6fdf138eb0eb4280045442331ee71c0aab5e16397ba6645f32f911bfb37"},
    {file = "orjson-3.9.2-cp310-cp310-musllinux_1_1_x86_64.whl", hash = "sha256:5a60a1cfcfe310547a1946506dd4f1ed0a7d5bd5b02c8697d9d5dcd8d2e9245e"},
    {file = "orjson-3.9.2-cp310-none-win_amd64.whl", hash = "sha256:c290c4f81e8fd0c1683638802c11610b2f722b540f8e5e858b6914b495cf90c8"},
    {file = "orjson-3.9.2-cp311-cp311-macosx_10_15_x86_64.macosx_11_0_arm64.macosx_10_15_universal2.whl", hash = "sha256:02ef014f9a605e84b675060785e37ec9c0d2347a04f1307a9d6840ab8ecd6f55"},
    {file = "orjson-3.9.2-cp311-cp311-manylinux_2_17_aarch64.manylinux2014_aarch64.whl", hash = "sha256:992af54265ada1c1579500d6594ed73fe333e726de70d64919cf37f93defdd06"},
    {file = "orjson-3.9.2-cp311-cp311-manylinux_2_17_armv7l.manylinux2014_armv7l.whl", hash = "sha256:a40958f7af7c6d992ee67b2da4098dca8b770fc3b4b3834d540477788bfa76d3"},
    {file = "orjson-3.9.2-cp311-cp311-manylinux_2_17_ppc64le.manylinux2014_ppc64le.whl", hash = "sha256:93864dec3e3dd058a2dbe488d11ac0345214a6a12697f53a63e34de7d28d4257"},
    {file = "orjson-3.9.2-cp311-cp311-manylinux_2_17_s390x.manylinux2014_s390x.whl", hash = "sha256:16fdf5a82df80c544c3c91516ab3882cd1ac4f1f84eefeafa642e05cef5f6699"},
    {file = "orjson-3.9.2-cp311-cp311-manylinux_2_17_x86_64.manylinux2014_x86_64.whl", hash = "sha256:275b5a18fd9ed60b2720543d3ddac170051c43d680e47d04ff5203d2c6d8ebf1"},
    {file = "orjson-3.9.2-cp311-cp311-musllinux_1_1_aarch64.whl", hash = "sha256:b9aea6dcb99fcbc9f6d1dd84fca92322fda261da7fb014514bb4689c7c2097a8"},
    {file = "orjson-3.9.2-cp311-cp311-musllinux_1_1_x86_64.whl", hash = "sha256:7d74ae0e101d17c22ef67b741ba356ab896fc0fa64b301c2bf2bb0a4d874b190"},
    {file = "orjson-3.9.2-cp311-none-win_amd64.whl", hash = "sha256:6320b28e7bdb58c3a3a5efffe04b9edad3318d82409e84670a9b24e8035a249d"},
    {file = "orjson-3.9.2-cp37-cp37m-macosx_10_15_x86_64.macosx_11_0_arm64.macosx_10_15_universal2.whl", hash = "sha256:368e9cc91ecb7ac21f2aa475e1901204110cf3e714e98649c2502227d248f947"},
    {file = "orjson-3.9.2-cp37-cp37m-manylinux_2_17_aarch64.manylinux2014_aarch64.whl", hash = "sha256:58e9e70f0dcd6a802c35887f306b555ff7a214840aad7de24901fc8bd9cf5dde"},
    {file = "orjson-3.9.2-cp37-cp37m-manylinux_2_17_armv7l.manylinux2014_armv7l.whl", hash = "sha256:00c983896c2e01c94c0ef72fd7373b2aa06d0c0eed0342c4884559f812a6835b"},
    {file = "orjson-3.9.2-cp37-cp37m-manylinux_2_17_ppc64le.manylinux2014_ppc64le.whl", hash = "sha256:2ee743e8890b16c87a2f89733f983370672272b61ee77429c0a5899b2c98c1a7"},
    {file = "orjson-3.9.2-cp37-cp37m-manylinux_2_17_s390x.manylinux2014_s390x.whl", hash = "sha256:b7b065942d362aad4818ff599d2f104c35a565c2cbcbab8c09ec49edba91da75"},
    {file = "orjson-3.9.2-cp37-cp37m-manylinux_2_17_x86_64.manylinux2014_x86_64.whl", hash = "sha256:e46e9c5b404bb9e41d5555762fd410d5466b7eb1ec170ad1b1609cbebe71df21"},
    {file = "orjson-3.9.2-cp37-cp37m-musllinux_1_1_aarch64.whl", hash = "sha256:8170157288714678ffd64f5de33039e1164a73fd8b6be40a8a273f80093f5c4f"},
    {file = "orjson-3.9.2-cp37-cp37m-musllinux_1_1_x86_64.whl", hash = "sha256:e3e2f087161947dafe8319ea2cfcb9cea4bb9d2172ecc60ac3c9738f72ef2909"},
    {file = "orjson-3.9.2-cp37-none-win_amd64.whl", hash = "sha256:d7de3dbbe74109ae598692113cec327fd30c5a30ebca819b21dfa4052f7b08ef"},
    {file = "orjson-3.9.2-cp38-cp38-macosx_10_15_x86_64.macosx_11_0_arm64.macosx_10_15_universal2.whl", hash = "sha256:8cd4385c59bbc1433cad4a80aca65d2d9039646a9c57f8084897549b55913b17"},
    {file = "orjson-3.9.2-cp38-cp38-manylinux_2_17_aarch64.manylinux2014_aarch64.whl", hash = "sha256:a74036aab1a80c361039290cdbc51aa7adc7ea13f56e5ef94e9be536abd227bd"},
    {file = "orjson-3.9.2-cp38-cp38-manylinux_2_17_armv7l.manylinux2014_armv7l.whl", hash = "sha256:1aaa46d7d4ae55335f635eadc9be0bd9bcf742e6757209fc6dc697e390010adc"},
    {file = "orjson-3.9.2-cp38-cp38-manylinux_2_17_ppc64le.manylinux2014_ppc64le.whl", hash = "sha256:2e52c67ed6bb368083aa2078ea3ccbd9721920b93d4b06c43eb4e20c4c860046"},
    {file = "orjson-3.9.2-cp38-cp38-manylinux_2_17_s390x.manylinux2014_s390x.whl", hash = "sha256:1a6cdfcf9c7dd4026b2b01fdff56986251dc0cc1e980c690c79eec3ae07b36e7"},
    {file = "orjson-3.9.2-cp38-cp38-manylinux_2_17_x86_64.manylinux2014_x86_64.whl", hash = "sha256:1882a70bb69595b9ec5aac0040a819e94d2833fe54901e2b32f5e734bc259a8b"},
    {file = "orjson-3.9.2-cp38-cp38-musllinux_1_1_aarch64.whl", hash = "sha256:fc05e060d452145ab3c0b5420769e7356050ea311fc03cb9d79c481982917cca"},
    {file = "orjson-3.9.2-cp38-cp38-musllinux_1_1_x86_64.whl", hash = "sha256:f8bc2c40d9bb26efefb10949d261a47ca196772c308babc538dd9f4b73e8d386"},
    {file = "orjson-3.9.2-cp38-none-win_amd64.whl", hash = "sha256:3164fc20a585ec30a9aff33ad5de3b20ce85702b2b2a456852c413e3f0d7ab09"},
    {file = "orjson-3.9.2-cp39-cp39-macosx_10_15_x86_64.macosx_11_0_arm64.macosx_10_15_universal2.whl", hash = "sha256:7a6ccadf788531595ed4728aa746bc271955448d2460ff0ef8e21eb3f2a281ba"},
    {file = "orjson-3.9.2-cp39-cp39-manylinux_2_17_aarch64.manylinux2014_aarch64.whl", hash = "sha256:3245d230370f571c945f69aab823c279a868dc877352817e22e551de155cb06c"},
    {file = "orjson-3.9.2-cp39-cp39-manylinux_2_17_armv7l.manylinux2014_armv7l.whl", hash = "sha256:205925b179550a4ee39b8418dd4c94ad6b777d165d7d22614771c771d44f57bd"},
    {file = "orjson-3.9.2-cp39-cp39-manylinux_2_17_ppc64le.manylinux2014_ppc64le.whl", hash = "sha256:0325fe2d69512187761f7368c8cda1959bcb75fc56b8e7a884e9569112320e57"},
    {file = "orjson-3.9.2-cp39-cp39-manylinux_2_17_s390x.manylinux2014_s390x.whl", hash = "sha256:806704cd58708acc66a064a9a58e3be25cf1c3f9f159e8757bd3f515bfabdfa1"},
    {file = "orjson-3.9.2-cp39-cp39-manylinux_2_17_x86_64.manylinux2014_x86_64.whl", hash = "sha256:03fb36f187a0c19ff38f6289418863df8b9b7880cdbe279e920bef3a09d8dab1"},
    {file = "orjson-3.9.2-cp39-cp39-musllinux_1_1_aarch64.whl", hash = "sha256:20925d07a97c49c6305bff1635318d9fc1804aa4ccacb5fb0deb8a910e57d97a"},
    {file = "orjson-3.9.2-cp39-cp39-musllinux_1_1_x86_64.whl", hash = "sha256:eebfed53bec5674e981ebe8ed2cf00b3f7bcda62d634733ff779c264307ea505"},
    {file = "orjson-3.9.2-cp39-none-win_amd64.whl", hash = "sha256:869b961df5fcedf6c79f4096119b35679b63272362e9b745e668f0391a892d39"},
    {file = "orjson-3.9.2.tar.gz", hash = "sha256:24257c8f641979bf25ecd3e27251b5cc194cdd3a6e96004aac8446f5e63d9664"},
]

[[package]]
name = "pydantic"
version = "1.10.11"
description = "Data validation and settings management using python type hints"
optional = false
python-versions = ">=3.7"
files = [
    {file = "pydantic-1.10.11-cp310-cp310-macosx_10_9_x86_64.whl", hash = "sha256:ff44c5e89315b15ff1f7fdaf9853770b810936d6b01a7bcecaa227d2f8fe444f"},
    {file = "pydantic-1.10.11-cp310-cp310-macosx_11_0_arm64.whl", hash = "sha256:a6c098d4ab5e2d5b3984d3cb2527e2d6099d3de85630c8934efcfdc348a9760e"},
    {file = "pydantic-1.10.11-cp310-cp310-manylinux_2_17_x86_64.manylinux2014_x86_64.whl", hash = "sha256:16928fdc9cb273c6af00d9d5045434c39afba5f42325fb990add2c241402d151"},
    {file = "pydantic-1.10.11-cp310-cp310-manylinux_2_5_i686.manylinux1_i686.manylinux_2_17_i686.manylinux2014_i686.whl", hash = "sha256:0588788a9a85f3e5e9ebca14211a496409cb3deca5b6971ff37c556d581854e7"},
    {file = "pydantic-1.10.11-cp310-cp310-musllinux_1_1_i686.whl", hash = "sha256:e9baf78b31da2dc3d3f346ef18e58ec5f12f5aaa17ac517e2ffd026a92a87588"},
    {file = "pydantic-1.10.11-cp310-cp310-musllinux_1_1_x86_64.whl", hash = "sha256:373c0840f5c2b5b1ccadd9286782852b901055998136287828731868027a724f"},
    {file = "pydantic-1.10.11-cp310-cp310-win_amd64.whl", hash = "sha256:c3339a46bbe6013ef7bdd2844679bfe500347ac5742cd4019a88312aa58a9847"},
    {file = "pydantic-1.10.11-cp311-cp311-macosx_10_9_x86_64.whl", hash = "sha256:08a6c32e1c3809fbc49debb96bf833164f3438b3696abf0fbeceb417d123e6eb"},
    {file = "pydantic-1.10.11-cp311-cp311-macosx_11_0_arm64.whl", hash = "sha256:a451ccab49971af043ec4e0d207cbc8cbe53dbf148ef9f19599024076fe9c25b"},
    {file = "pydantic-1.10.11-cp311-cp311-manylinux_2_17_x86_64.manylinux2014_x86_64.whl", hash = "sha256:5b02d24f7b2b365fed586ed73582c20f353a4c50e4be9ba2c57ab96f8091ddae"},
    {file = "pydantic-1.10.11-cp311-cp311-manylinux_2_5_i686.manylinux1_i686.manylinux_2_17_i686.manylinux2014_i686.whl", hash = "sha256:3f34739a89260dfa420aa3cbd069fbcc794b25bbe5c0a214f8fb29e363484b66"},
    {file = "pydantic-1.10.11-cp311-cp311-musllinux_1_1_i686.whl", hash = "sha256:e297897eb4bebde985f72a46a7552a7556a3dd11e7f76acda0c1093e3dbcf216"},
    {file = "pydantic-1.10.11-cp311-cp311-musllinux_1_1_x86_64.whl", hash = "sha256:d185819a7a059550ecb85d5134e7d40f2565f3dd94cfd870132c5f91a89cf58c"},
    {file = "pydantic-1.10.11-cp311-cp311-win_amd64.whl", hash = "sha256:4400015f15c9b464c9db2d5d951b6a780102cfa5870f2c036d37c23b56f7fc1b"},
    {file = "pydantic-1.10.11-cp37-cp37m-macosx_10_9_x86_64.whl", hash = "sha256:2417de68290434461a266271fc57274a138510dca19982336639484c73a07af6"},
    {file = "pydantic-1.10.11-cp37-cp37m-manylinux_2_17_x86_64.manylinux2014_x86_64.whl", hash = "sha256:331c031ba1554b974c98679bd0780d89670d6fd6f53f5d70b10bdc9addee1713"},
    {file = "pydantic-1.10.11-cp37-cp37m-manylinux_2_5_i686.manylinux1_i686.manylinux_2_17_i686.manylinux2014_i686.whl", hash = "sha256:8268a735a14c308923e8958363e3a3404f6834bb98c11f5ab43251a4e410170c"},
    {file = "pydantic-1.10.11-cp37-cp37m-musllinux_1_1_i686.whl", hash = "sha256:44e51ba599c3ef227e168424e220cd3e544288c57829520dc90ea9cb190c3248"},
    {file = "pydantic-1.10.11-cp37-cp37m-musllinux_1_1_x86_64.whl", hash = "sha256:d7781f1d13b19700b7949c5a639c764a077cbbdd4322ed505b449d3ca8edcb36"},
    {file = "pydantic-1.10.11-cp37-cp37m-win_amd64.whl", hash = "sha256:7522a7666157aa22b812ce14c827574ddccc94f361237ca6ea8bb0d5c38f1629"},
    {file = "pydantic-1.10.11-cp38-cp38-macosx_10_9_x86_64.whl", hash = "sha256:bc64eab9b19cd794a380179ac0e6752335e9555d214cfcb755820333c0784cb3"},
    {file = "pydantic-1.10.11-cp38-cp38-macosx_11_0_arm64.whl", hash = "sha256:8dc77064471780262b6a68fe67e013298d130414d5aaf9b562c33987dbd2cf4f"},
    {file = "pydantic-1.10.11-cp38-cp38-manylinux_2_17_x86_64.manylinux2014_x86_64.whl", hash = "sha256:fe429898f2c9dd209bd0632a606bddc06f8bce081bbd03d1c775a45886e2c1cb"},
    {file = "pydantic-1.10.11-cp38-cp38-manylinux_2_5_i686.manylinux1_i686.manylinux_2_17_i686.manylinux2014_i686.whl", hash = "sha256:192c608ad002a748e4a0bed2ddbcd98f9b56df50a7c24d9a931a8c5dd053bd3d"},
    {file = "pydantic-1.10.11-cp38-cp38-musllinux_1_1_i686.whl", hash = "sha256:ef55392ec4bb5721f4ded1096241e4b7151ba6d50a50a80a2526c854f42e6a2f"},
    {file = "pydantic-1.10.11-cp38-cp38-musllinux_1_1_x86_64.whl", hash = "sha256:41e0bb6efe86281623abbeeb0be64eab740c865388ee934cd3e6a358784aca6e"},
    {file = "pydantic-1.10.11-cp38-cp38-win_amd64.whl", hash = "sha256:265a60da42f9f27e0b1014eab8acd3e53bd0bad5c5b4884e98a55f8f596b2c19"},
    {file = "pydantic-1.10.11-cp39-cp39-macosx_10_9_x86_64.whl", hash = "sha256:469adf96c8e2c2bbfa655fc7735a2a82f4c543d9fee97bd113a7fb509bf5e622"},
    {file = "pydantic-1.10.11-cp39-cp39-macosx_11_0_arm64.whl", hash = "sha256:e6cbfbd010b14c8a905a7b10f9fe090068d1744d46f9e0c021db28daeb8b6de1"},
    {file = "pydantic-1.10.11-cp39-cp39-manylinux_2_17_x86_64.manylinux2014_x86_64.whl", hash = "sha256:abade85268cc92dff86d6effcd917893130f0ff516f3d637f50dadc22ae93999"},
    {file = "pydantic-1.10.11-cp39-cp39-manylinux_2_5_i686.manylinux1_i686.manylinux_2_17_i686.manylinux2014_i686.whl", hash = "sha256:e9738b0f2e6c70f44ee0de53f2089d6002b10c33264abee07bdb5c7f03038303"},
    {file = "pydantic-1.10.11-cp39-cp39-musllinux_1_1_i686.whl", hash = "sha256:787cf23e5a0cde753f2eabac1b2e73ae3844eb873fd1f5bdbff3048d8dbb7604"},
    {file = "pydantic-1.10.11-cp39-cp39-musllinux_1_1_x86_64.whl", hash = "sha256:174899023337b9fc685ac8adaa7b047050616136ccd30e9070627c1aaab53a13"},
    {file = "pydantic-1.10.11-cp39-cp39-win_amd64.whl", hash = "sha256:1954f8778489a04b245a1e7b8b22a9d3ea8ef49337285693cf6959e4b757535e"},
    {file = "pydantic-1.10.11-py3-none-any.whl", hash = "sha256:008c5e266c8aada206d0627a011504e14268a62091450210eda7c07fabe6963e"},
    {file = "pydantic-1.10.11.tar.gz", hash = "sha256:f66d479cf7eb331372c470614be6511eae96f1f120344c25f3f9bb59fb1b5528"},
]

[package.dependencies]
typing-extensions = ">=4.2.0"

[package.extras]
dotenv = ["python-dotenv (>=0.10.4)"]
email = ["email-validator (>=1.0.3)"]

[[package]]
name = "pypika-tortoise"
version = "0.1.6"
description = "Forked from pypika and streamline just for tortoise-orm"
optional = false
python-versions = ">=3.7,<4.0"
files = [
    {file = "pypika-tortoise-0.1.6.tar.gz", hash = "sha256:d802868f479a708e3263724c7b5719a26ad79399b2a70cea065f4a4cadbebf36"},
    {file = "pypika_tortoise-0.1.6-py3-none-any.whl", hash = "sha256:2d68bbb7e377673743cff42aa1059f3a80228d411fbcae591e4465e173109fd8"},
]

[[package]]
name = "python-dotenv"
version = "1.0.0"
description = "Read key-value pairs from a .env file and set them as environment variables"
optional = false
python-versions = ">=3.8"
files = [
    {file = "python-dotenv-1.0.0.tar.gz", hash = "sha256:a8df96034aae6d2d50a4ebe8216326c61c3eb64836776504fcca410e5937a3ba"},
    {file = "python_dotenv-1.0.0-py3-none-any.whl", hash = "sha256:f5971a9226b701070a4bf2c38c89e5a3f0d64de8debda981d1db98583009122a"},
]

[package.extras]
cli = ["click (>=5.0)"]

[[package]]
name = "pytz"
version = "2023.3"
description = "World timezone definitions, modern and historical"
optional = false
python-versions = "*"
files = [
    {file = "pytz-2023.3-py2.py3-none-any.whl", hash = "sha256:a151b3abb88eda1d4e34a9814df37de2a80e301e68ba0fd856fb9b46bfbbbffb"},
    {file = "pytz-2023.3.tar.gz", hash = "sha256:1d8ce29db189191fb55338ee6d0387d82ab59f3d00eac103412d64e0ebd0c588"},
]

[[package]]
name = "sniffio"
version = "1.3.0"
description = "Sniff out which async library your code is running under"
optional = false
python-versions = ">=3.7"
files = [
    {file = "sniffio-1.3.0-py3-none-any.whl", hash = "sha256:eecefdce1e5bbfb7ad2eeaabf7c1eeb404d7757c379bd1f7e5cce9d8bf425384"},
    {file = "sniffio-1.3.0.tar.gz", hash = "sha256:e60305c5e5d314f5389259b7f22aaa33d8f7dee49763119234af3755c55b9101"},
]

[[package]]
name = "starlette"
version = "0.27.0"
description = "The little ASGI library that shines."
optional = false
python-versions = ">=3.7"
files = [
    {file = "starlette-0.27.0-py3-none-any.whl", hash = "sha256:918416370e846586541235ccd38a474c08b80443ed31c578a418e2209b3eef91"},
    {file = "starlette-0.27.0.tar.gz", hash = "sha256:6a6b0d042acb8d469a01eba54e9cda6cbd24ac602c4cd016723117d6a7e73b75"},
]

[package.dependencies]
anyio = ">=3.4.0,<5"

[package.extras]
full = ["httpx (>=0.22.0)", "itsdangerous", "jinja2", "python-multipart", "pyyaml"]

[[package]]
name = "tomlkit"
version = "0.11.8"
description = "Style preserving TOML library"
optional = false
python-versions = ">=3.7"
files = [
    {file = "tomlkit-0.11.8-py3-none-any.whl", hash = "sha256:8c726c4c202bdb148667835f68d68780b9a003a9ec34167b6c673b38eff2a171"},
    {file = "tomlkit-0.11.8.tar.gz", hash = "sha256:9330fc7faa1db67b541b28e62018c17d20be733177d290a13b24c62d1614e0c3"},
]

[[package]]
name = "tortoise-orm"
version = "0.19.3"
description = "Easy async ORM for python, built with relations in mind"
optional = false
python-versions = ">=3.7,<4.0"
files = [
    {file = "tortoise_orm-0.19.3-py3-none-any.whl", hash = "sha256:9e368820c70a0866ef9c521d43aa5503485bd7a20a561edc0933b7b0f7036fbc"},
    {file = "tortoise_orm-0.19.3.tar.gz", hash = "sha256:ca574bca5191f55608f9013314b1f5d1c6ffd4165a1fcc2f60f6c902f529b3b6"},
]

[package.dependencies]
aiosqlite = ">=0.16.0,<0.18.0"
iso8601 = ">=1.0.2,<2.0.0"
pypika-tortoise = ">=0.1.6,<0.2.0"
pytz = "*"

[package.extras]
accel = ["ciso8601", "orjson", "uvloop"]
aiomysql = ["aiomysql"]
asyncmy = ["asyncmy (>=0.2.5,<0.3.0)"]
asyncodbc = ["asyncodbc (>=0.1.1,<0.2.0)"]
asyncpg = ["asyncpg"]
psycopg = ["psycopg[binary,pool] (==3.0.12)"]

[[package]]
name = "typing-extensions"
version = "4.7.1"
description = "Backported and Experimental Type Hints for Python 3.7+"
optional = false
python-versions = ">=3.7"
files = [
    {file = "typing_extensions-4.7.1-py3-none-any.whl", hash = "sha256:440d5dd3af93b060174bf433bccd69b0babc3b15b1a8dca43789fd7f61514b36"},
    {file = "typing_extensions-4.7.1.tar.gz", hash = "sha256:b75ddc264f0ba5615db7ba217daeb99701ad295353c45f9e95963337ceeeffb2"},
]

[[package]]
name = "uvicorn"
version = "0.22.0"
description = "The lightning-fast ASGI server."
optional = false
python-versions = ">=3.7"
files = [
    {file = "uvicorn-0.22.0-py3-none-any.whl", hash = "sha256:e9434d3bbf05f310e762147f769c9f21235ee118ba2d2bf1155a7196448bd996"},
    {file = "uvicorn-0.22.0.tar.gz", hash = "sha256:79277ae03db57ce7d9aa0567830bbb51d7a612f54d6e1e3e92da3ef24c2c8ed8"},
]

[package.dependencies]
click = ">=7.0"
h11 = ">=0.8"

[package.extras]
standard = ["colorama (>=0.4)", "httptools (>=0.5.0)", "python-dotenv (>=0.13)", "pyyaml (>=5.1)", "uvloop (>=0.14.0,!=0.15.0,!=0.15.1)", "watchfiles (>=0.13)", "websockets (>=10.4)"]

[metadata]
lock-version = "2.0"
python-versions = "^3.10"
content-hash = "fb928bae9d700eba2dd1b09a7dc03044666ed0cb8816984cdc3cc6f3f5bf43ce"
